
Microsoft Visual Studio Solution File, Format Version 12.00
# Visual Studio Version 16
VisualStudioVersion = 16.0.33529.622
MinimumVisualStudioVersion = 10.0.40219.1
Project("{FAE04EC0-301F-11D3-BF4B-00C04F79EFBC}") = "ConsoleApp1", "ConsoleApp1.csproj", "{99DD912B-6368-4074-AB8C-AB4B1BD97386}"
EndProject
Global
	GlobalSection(SolutionConfigurationPlatforms) = preSolution
		Debug|Any CPU = Debug|Any CPU
		Release|Any CPU = Release|Any CPU
	EndGlobalSection
	GlobalSection(ProjectConfigurationPlatforms) = postSolution
		{99DD912B-6368-4074-AB8C-AB4B1BD97386}.Debug|Any CPU.ActiveCfg = Debug|Any CPU
		{99DD912B-6368-4074-AB8C-AB4B1BD97386}.Debug|Any CPU.Build.0 = Debug|Any CPU
		{99DD912B-6368-4074-AB8C-AB4B1BD97386}.Release|Any CPU.ActiveCfg = Release|Any CPU
		{99DD912B-6368-4074-AB8C-AB4B1BD97386}.Release|Any CPU.Build.0 = Release|Any CPU
	EndGlobalSection
	GlobalSection(SolutionProperties) = preSolution
		HideSolutionNode = FALSE
	EndGlobalSection
	GlobalSection(ExtensibilityGlobals) = postSolution
		SolutionGuid = {2D4214C3-1CD9-4E22-9DAB-D5AA6463E907}
	EndGlobalSection
EndGlobal
